// !$*UTF8*$!
{
	archiveVersion = 1;
	classes = {
	};
	objectVersion = 46;
	objects = {

/* Begin PBXBuildFile section */
		E922F7C8153761E700A5988B /* TWRequest+Utils.m in Sources */ = {isa = PBXBuildFile; fileRef = E922F7C7153761E700A5988B /* TWRequest+Utils.m */; };
		E922F7D3153761F700A5988B /* MTNewsItem.m in Sources */ = {isa = PBXBuildFile; fileRef = E922F7CB153761F600A5988B /* MTNewsItem.m */; };
		E922F7D4153761F700A5988B /* MTServiceConnectorManager.m in Sources */ = {isa = PBXBuildFile; fileRef = E922F7CE153761F600A5988B /* MTServiceConnectorManager.m */; };
		E922F7D5153761F700A5988B /* MTTwitterConnector.m in Sources */ = {isa = PBXBuildFile; fileRef = E922F7D2153761F600A5988B /* MTTwitterConnector.m */; };
		E922F7D81537620C00A5988B /* MTConstants.m in Sources */ = {isa = PBXBuildFile; fileRef = E922F7D71537620C00A5988B /* MTConstants.m */; };
		E922F7DA153762D800A5988B /* Twitter.framework in Frameworks */ = {isa = PBXBuildFile; fileRef = E922F7D9153762D800A5988B /* Twitter.framework */; };
		E922F7DC153762E200A5988B /* Accounts.framework in Frameworks */ = {isa = PBXBuildFile; fileRef = E922F7DB153762E200A5988B /* Accounts.framework */; };
		E9CE31A2152332EE00C3C051 /* UIKit.framework in Frameworks */ = {isa = PBXBuildFile; fileRef = E9CE31A1152332EE00C3C051 /* UIKit.framework */; };
		E9CE31A4152332EE00C3C051 /* Foundation.framework in Frameworks */ = {isa = PBXBuildFile; fileRef = E9CE31A3152332EE00C3C051 /* Foundation.framework */; };
		E9CE31A6152332EE00C3C051 /* CoreGraphics.framework in Frameworks */ = {isa = PBXBuildFile; fileRef = E9CE31A5152332EE00C3C051 /* CoreGraphics.framework */; };
		E9CE31AC152332EE00C3C051 /* InfoPlist.strings in Resources */ = {isa = PBXBuildFile; fileRef = E9CE31AA152332EE00C3C051 /* InfoPlist.strings */; };
		E9CE31AE152332EE00C3C051 /* main.m in Sources */ = {isa = PBXBuildFile; fileRef = E9CE31AD152332EE00C3C051 /* main.m */; };
		E9CE31B2152332EE00C3C051 /* MTAppDelegate.m in Sources */ = {isa = PBXBuildFile; fileRef = E9CE31B1152332EE00C3C051 /* MTAppDelegate.m */; };
		E9CE31B5152332EE00C3C051 /* MainStoryboard.storyboard in Resources */ = {isa = PBXBuildFile; fileRef = E9CE31B3152332EE00C3C051 /* MainStoryboard.storyboard */; };
		E9CE31B8152332EF00C3C051 /* MTMasterViewController.m in Sources */ = {isa = PBXBuildFile; fileRef = E9CE31B7152332EF00C3C051 /* MTMasterViewController.m */; };
		E9CE31BB152332EF00C3C051 /* MTDetailViewController.m in Sources */ = {isa = PBXBuildFile; fileRef = E9CE31BA152332EF00C3C051 /* MTDetailViewController.m */; };
/* End PBXBuildFile section */

/* Begin PBXFileReference section */
		E922F7C6153761E700A5988B /* TWRequest+Utils.h */ = {isa = PBXFileReference; fileEncoding = 4; lastKnownFileType = sourcecode.c.h; path = "TWRequest+Utils.h"; sourceTree = "<group>"; };
		E922F7C7153761E700A5988B /* TWRequest+Utils.m */ = {isa = PBXFileReference; fileEncoding = 4; lastKnownFileType = sourcecode.c.objc; path = "TWRequest+Utils.m"; sourceTree = "<group>"; };
		E922F7CA153761F600A5988B /* MTNewsItem.h */ = {isa = PBXFileReference; fileEncoding = 4; lastKnownFileType = sourcecode.c.h; path = MTNewsItem.h; sourceTree = "<group>"; };
		E922F7CB153761F600A5988B /* MTNewsItem.m */ = {isa = PBXFileReference; fileEncoding = 4; lastKnownFileType = sourcecode.c.objc; path = MTNewsItem.m; sourceTree = "<group>"; };
		E922F7CC153761F600A5988B /* MTServiceConnectorDelegate.h */ = {isa = PBXFileReference; fileEncoding = 4; lastKnownFileType = sourcecode.c.h; path = MTServiceConnectorDelegate.h; sourceTree = "<group>"; };
		E922F7CD153761F600A5988B /* MTServiceConnectorManager.h */ = {isa = PBXFileReference; fileEncoding = 4; lastKnownFileType = sourcecode.c.h; path = MTServiceConnectorManager.h; sourceTree = "<group>"; };
		E922F7CE153761F600A5988B /* MTServiceConnectorManager.m */ = {isa = PBXFileReference; fileEncoding = 4; lastKnownFileType = sourcecode.c.objc; path = MTServiceConnectorManager.m; sourceTree = "<group>"; };
		E922F7D0153761F600A5988B /* MTServiceConnector.h */ = {isa = PBXFileReference; fileEncoding = 4; lastKnownFileType = sourcecode.c.h; path = MTServiceConnector.h; sourceTree = "<group>"; };
		E922F7D1153761F600A5988B /* MTTwitterConnector.h */ = {isa = PBXFileReference; fileEncoding = 4; lastKnownFileType = sourcecode.c.h; path = MTTwitterConnector.h; sourceTree = "<group>"; };
		E922F7D2153761F600A5988B /* MTTwitterConnector.m */ = {isa = PBXFileReference; fileEncoding = 4; lastKnownFileType = sourcecode.c.objc; path = MTTwitterConnector.m; sourceTree = "<group>"; };
		E922F7D61537620C00A5988B /* MTConstants.h */ = {isa = PBXFileReference; fileEncoding = 4; lastKnownFileType = sourcecode.c.h; path = MTConstants.h; sourceTree = "<group>"; };
		E922F7D71537620C00A5988B /* MTConstants.m */ = {isa = PBXFileReference; fileEncoding = 4; lastKnownFileType = sourcecode.c.objc; path = MTConstants.m; sourceTree = "<group>"; };
		E922F7D9153762D800A5988B /* Twitter.framework */ = {isa = PBXFileReference; lastKnownFileType = wrapper.framework; name = Twitter.framework; path = System/Library/Frameworks/Twitter.framework; sourceTree = SDKROOT; };
		E922F7DB153762E200A5988B /* Accounts.framework */ = {isa = PBXFileReference; lastKnownFileType = wrapper.framework; name = Accounts.framework; path = System/Library/Frameworks/Accounts.framework; sourceTree = SDKROOT; };
		E9CE319D152332EE00C3C051 /* iStream.app */ = {isa = PBXFileReference; explicitFileType = wrapper.application; includeInIndex = 0; path = iStream.app; sourceTree = BUILT_PRODUCTS_DIR; };
		E9CE31A1152332EE00C3C051 /* UIKit.framework */ = {isa = PBXFileReference; lastKnownFileType = wrapper.framework; name = UIKit.framework; path = System/Library/Frameworks/UIKit.framework; sourceTree = SDKROOT; };
		E9CE31A3152332EE00C3C051 /* Foundation.framework */ = {isa = PBXFileReference; lastKnownFileType = wrapper.framework; name = Foundation.framework; path = System/Library/Frameworks/Foundation.framework; sourceTree = SDKROOT; };
		E9CE31A5152332EE00C3C051 /* CoreGraphics.framework */ = {isa = PBXFileReference; lastKnownFileType = wrapper.framework; name = CoreGraphics.framework; path = System/Library/Frameworks/CoreGraphics.framework; sourceTree = SDKROOT; };
		E9CE31A9152332EE00C3C051 /* iStream-Info.plist */ = {isa = PBXFileReference; lastKnownFileType = text.plist.xml; path = "iStream-Info.plist"; sourceTree = "<group>"; };
		E9CE31AB152332EE00C3C051 /* en */ = {isa = PBXFileReference; lastKnownFileType = text.plist.strings; name = en; path = en.lproj/InfoPlist.strings; sourceTree = "<group>"; };
		E9CE31AD152332EE00C3C051 /* main.m */ = {isa = PBXFileReference; lastKnownFileType = sourcecode.c.objc; path = main.m; sourceTree = "<group>"; };
		E9CE31AF152332EE00C3C051 /* iStream-Prefix.pch */ = {isa = PBXFileReference; lastKnownFileType = sourcecode.c.h; path = "iStream-Prefix.pch"; sourceTree = "<group>"; };
		E9CE31B0152332EE00C3C051 /* MTAppDelegate.h */ = {isa = PBXFileReference; lastKnownFileType = sourcecode.c.h; path = MTAppDelegate.h; sourceTree = "<group>"; };
		E9CE31B1152332EE00C3C051 /* MTAppDelegate.m */ = {isa = PBXFileReference; lastKnownFileType = sourcecode.c.objc; path = MTAppDelegate.m; sourceTree = "<group>"; };
		E9CE31B4152332EE00C3C051 /* en */ = {isa = PBXFileReference; lastKnownFileType = file.storyboard; name = en; path = en.lproj/MainStoryboard.storyboard; sourceTree = "<group>"; };
		E9CE31B6152332EE00C3C051 /* MTMasterViewController.h */ = {isa = PBXFileReference; lastKnownFileType = sourcecode.c.h; path = MTMasterViewController.h; sourceTree = "<group>"; };
		E9CE31B7152332EF00C3C051 /* MTMasterViewController.m */ = {isa = PBXFileReference; lastKnownFileType = sourcecode.c.objc; path = MTMasterViewController.m; sourceTree = "<group>"; };
		E9CE31B9152332EF00C3C051 /* MTDetailViewController.h */ = {isa = PBXFileReference; lastKnownFileType = sourcecode.c.h; path = MTDetailViewController.h; sourceTree = "<group>"; };
		E9CE31BA152332EF00C3C051 /* MTDetailViewController.m */ = {isa = PBXFileReference; lastKnownFileType = sourcecode.c.objc; path = MTDetailViewController.m; sourceTree = "<group>"; };
		E9CE32BB1523857F00C3C051 /* SupportedServices */ = {isa = PBXFileReference; fileEncoding = 4; lastKnownFileType = text; path = SupportedServices; sourceTree = "<group>"; };
		E9CE32BE1523875900C3C051 /* ServiceAuthKeys.plist */ = {isa = PBXFileReference; fileEncoding = 4; lastKnownFileType = text.plist.xml; name = ServiceAuthKeys.plist; path = ../ServiceAuthKeys.plist; sourceTree = "<group>"; };
/* End PBXFileReference section */

/* Begin PBXFrameworksBuildPhase section */
		E9CE319A152332EE00C3C051 /* Frameworks */ = {
			isa = PBXFrameworksBuildPhase;
			buildActionMask = 2147483647;
			files = (
				E922F7DC153762E200A5988B /* Accounts.framework in Frameworks */,
				E922F7DA153762D800A5988B /* Twitter.framework in Frameworks */,
				E9CE31A2152332EE00C3C051 /* UIKit.framework in Frameworks */,
				E9CE31A4152332EE00C3C051 /* Foundation.framework in Frameworks */,
				E9CE31A6152332EE00C3C051 /* CoreGraphics.framework in Frameworks */,
			);
			runOnlyForDeploymentPostprocessing = 0;
		};
/* End PBXFrameworksBuildPhase section */

/* Begin PBXGroup section */
		E922F7C5153761E700A5988B /* Categories */ = {
			isa = PBXGroup;
			children = (
				E922F7C6153761E700A5988B /* TWRequest+Utils.h */,
				E922F7C7153761E700A5988B /* TWRequest+Utils.m */,
			);
			path = Categories;
			sourceTree = "<group>";
		};
		E922F7C9153761F600A5988B /* iStream Backend */ = {
			isa = PBXGroup;
			children = (
				E922F7CA153761F600A5988B /* MTNewsItem.h */,
				E922F7CB153761F600A5988B /* MTNewsItem.m */,
				E922F7CC153761F600A5988B /* MTServiceConnectorDelegate.h */,
				E922F7CD153761F600A5988B /* MTServiceConnectorManager.h */,
				E922F7CE153761F600A5988B /* MTServiceConnectorManager.m */,
				E922F7CF153761F600A5988B /* Service Connectors */,
			);
			path = "iStream Backend";
			sourceTree = "<group>";
		};
		E922F7CF153761F600A5988B /* Service Connectors */ = {
			isa = PBXGroup;
			children = (
				E922F7D0153761F600A5988B /* MTServiceConnector.h */,
				E922F7D1153761F600A5988B /* MTTwitterConnector.h */,
				E922F7D2153761F600A5988B /* MTTwitterConnector.m */,
			);
			path = "Service Connectors";
			sourceTree = "<group>";
		};
		E9CE3192152332EE00C3C051 = {
			isa = PBXGroup;
			children = (
				E9CE31A7152332EE00C3C051 /* iStream */,
				E9CE31A0152332EE00C3C051 /* Frameworks */,
				E9CE319E152332EE00C3C051 /* Products */,
			);
			sourceTree = "<group>";
		};
		E9CE319E152332EE00C3C051 /* Products */ = {
			isa = PBXGroup;
			children = (
				E9CE319D152332EE00C3C051 /* iStream.app */,
			);
			name = Products;
			sourceTree = "<group>";
		};
		E9CE31A0152332EE00C3C051 /* Frameworks */ = {
			isa = PBXGroup;
			children = (
				E9CE31D81523773500C3C051 /* 3rd Party Frameworks */,
				E922F7DB153762E200A5988B /* Accounts.framework */,
				E922F7D9153762D800A5988B /* Twitter.framework */,
				E9CE31A1152332EE00C3C051 /* UIKit.framework */,
				E9CE31A3152332EE00C3C051 /* Foundation.framework */,
				E9CE31A5152332EE00C3C051 /* CoreGraphics.framework */,
			);
			name = Frameworks;
			sourceTree = "<group>";
		};
		E9CE31A7152332EE00C3C051 /* iStream */ = {
			isa = PBXGroup;
			children = (
				E9CE32C015238B4400C3C051 /* _Meta */,
				E922F7C9153761F600A5988B /* iStream Backend */,
				E922F7C5153761E700A5988B /* Categories */,
				E922F7D61537620C00A5988B /* MTConstants.h */,
				E922F7D71537620C00A5988B /* MTConstants.m */,
				E9CE31B0152332EE00C3C051 /* MTAppDelegate.h */,
				E9CE31B1152332EE00C3C051 /* MTAppDelegate.m */,
				E9CE31B3152332EE00C3C051 /* MainStoryboard.storyboard */,
				E9CE31B6152332EE00C3C051 /* MTMasterViewController.h */,
				E9CE31B7152332EF00C3C051 /* MTMasterViewController.m */,
				E9CE31B9152332EF00C3C051 /* MTDetailViewController.h */,
				E9CE31BA152332EF00C3C051 /* MTDetailViewController.m */,
				E9CE31A8152332EE00C3C051 /* Supporting Files */,
			);
			path = iStream;
			sourceTree = "<group>";
		};
		E9CE31A8152332EE00C3C051 /* Supporting Files */ = {
			isa = PBXGroup;
			children = (
				E9CE31A9152332EE00C3C051 /* iStream-Info.plist */,
				E9CE31AA152332EE00C3C051 /* InfoPlist.strings */,
				E9CE31AD152332EE00C3C051 /* main.m */,
				E9CE31AF152332EE00C3C051 /* iStream-Prefix.pch */,
			);
			name = "Supporting Files";
			sourceTree = "<group>";
		};
		E9CE31D81523773500C3C051 /* 3rd Party Frameworks */ = {
			isa = PBXGroup;
			children = (
			);
			name = "3rd Party Frameworks";
			sourceTree = "<group>";
		};
		E9CE32C015238B4400C3C051 /* _Meta */ = {
			isa = PBXGroup;
			children = (
				E9CE32BE1523875900C3C051 /* ServiceAuthKeys.plist */,
				E9CE32BB1523857F00C3C051 /* SupportedServices */,
			);
			name = _Meta;
			sourceTree = "<group>";
		};
/* End PBXGroup section */

/* Begin PBXNativeTarget section */
		E9CE319C152332EE00C3C051 /* iStream */ = {
			isa = PBXNativeTarget;
			buildConfigurationList = E9CE31BE152332EF00C3C051 /* Build configuration list for PBXNativeTarget "iStream" */;
			buildPhases = (
				E9CE3199152332EE00C3C051 /* Sources */,
				E9CE319A152332EE00C3C051 /* Frameworks */,
				E9CE319B152332EE00C3C051 /* Resources */,
			);
			buildRules = (
			);
			dependencies = (
			);
			name = iStream;
			productName = iStream;
			productReference = E9CE319D152332EE00C3C051 /* iStream.app */;
			productType = "com.apple.product-type.application";
		};
/* End PBXNativeTarget section */

/* Begin PBXProject section */
		E9CE3194152332EE00C3C051 /* Project object */ = {
			isa = PBXProject;
			attributes = {
				LastUpgradeCheck = 0420;
				ORGANIZATIONNAME = Nimmermehr;
			};
			buildConfigurationList = E9CE3197152332EE00C3C051 /* Build configuration list for PBXProject "iStream" */;
			compatibilityVersion = "Xcode 3.2";
			developmentRegion = English;
			hasScannedForEncodings = 0;
			knownRegions = (
				en,
				de,
			);
			mainGroup = E9CE3192152332EE00C3C051;
			productRefGroup = E9CE319E152332EE00C3C051 /* Products */;
			projectDirPath = "";
			projectRoot = "";
			targets = (
				E9CE319C152332EE00C3C051 /* iStream */,
			);
		};
/* End PBXProject section */

/* Begin PBXResourcesBuildPhase section */
		E9CE319B152332EE00C3C051 /* Resources */ = {
			isa = PBXResourcesBuildPhase;
			buildActionMask = 2147483647;
			files = (
				E9CE31AC152332EE00C3C051 /* InfoPlist.strings in Resources */,
				E9CE31B5152332EE00C3C051 /* MainStoryboard.storyboard in Resources */,
			);
			runOnlyForDeploymentPostprocessing = 0;
		};
/* End PBXResourcesBuildPhase section */

/* Begin PBXSourcesBuildPhase section */
		E9CE3199152332EE00C3C051 /* Sources */ = {
			isa = PBXSourcesBuildPhase;
			buildActionMask = 2147483647;
			files = (
				E9CE31AE152332EE00C3C051 /* main.m in Sources */,
				E9CE31B2152332EE00C3C051 /* MTAppDelegate.m in Sources */,
				E9CE31B8152332EF00C3C051 /* MTMasterViewController.m in Sources */,
				E9CE31BB152332EF00C3C051 /* MTDetailViewController.m in Sources */,
				E922F7C8153761E700A5988B /* TWRequest+Utils.m in Sources */,
				E922F7D3153761F700A5988B /* MTNewsItem.m in Sources */,
				E922F7D4153761F700A5988B /* MTServiceConnectorManager.m in Sources */,
				E922F7D5153761F700A5988B /* MTTwitterConnector.m in Sources */,
				E922F7D81537620C00A5988B /* MTConstants.m in Sources */,
			);
			runOnlyForDeploymentPostprocessing = 0;
		};
/* End PBXSourcesBuildPhase section */

/* Begin PBXVariantGroup section */
		E9CE31AA152332EE00C3C051 /* InfoPlist.strings */ = {
			isa = PBXVariantGroup;
			children = (
				E9CE31AB152332EE00C3C051 /* en */,
			);
			name = InfoPlist.strings;
			sourceTree = "<group>";
		};
		E9CE31B3152332EE00C3C051 /* MainStoryboard.storyboard */ = {
			isa = PBXVariantGroup;
			children = (
				E9CE31B4152332EE00C3C051 /* en */,
			);
			name = MainStoryboard.storyboard;
			sourceTree = "<group>";
		};
/* End PBXVariantGroup section */

/* Begin XCBuildConfiguration section */
		E9CE31BC152332EF00C3C051 /* Debug */ = {
			isa = XCBuildConfiguration;
			buildSettings = {
				ALWAYS_SEARCH_USER_PATHS = NO;
				ARCHS = "$(ARCHS_STANDARD_32_BIT)";
				CLANG_ENABLE_OBJC_ARC = NO;
				"CODE_SIGN_IDENTITY[sdk=iphoneos*]" = "iPhone Developer";
				COPY_PHASE_STRIP = NO;
				GCC_C_LANGUAGE_STANDARD = gnu99;
				GCC_DYNAMIC_NO_PIC = NO;
				GCC_OPTIMIZATION_LEVEL = 0;
				GCC_PREPROCESSOR_DEFINITIONS = (
					"DEBUG=1",
					"$(inherited)",
				);
				GCC_SYMBOLS_PRIVATE_EXTERN = NO;
				GCC_VERSION = com.apple.compilers.llvm.clang.1_0;
				GCC_WARN_ABOUT_MISSING_PROTOTYPES = YES;
				GCC_WARN_ABOUT_RETURN_TYPE = YES;
				GCC_WARN_UNUSED_VARIABLE = YES;
				IPHONEOS_DEPLOYMENT_TARGET = 5.0;
				SDKROOT = iphoneos;
			};
			name = Debug;
		};
		E9CE31BD152332EF00C3C051 /* Release */ = {
			isa = XCBuildConfiguration;
			buildSettings = {
				ALWAYS_SEARCH_USER_PATHS = NO;
				ARCHS = "$(ARCHS_STANDARD_32_BIT)";
				CLANG_ENABLE_OBJC_ARC = NO;
				"CODE_SIGN_IDENTITY[sdk=iphoneos*]" = "iPhone Developer";
				COPY_PHASE_STRIP = YES;
				GCC_C_LANGUAGE_STANDARD = gnu99;
				GCC_VERSION = com.apple.compilers.llvm.clang.1_0;
				GCC_WARN_ABOUT_MISSING_PROTOTYPES = YES;
				GCC_WARN_ABOUT_RETURN_TYPE = YES;
				GCC_WARN_UNUSED_VARIABLE = YES;
				IPHONEOS_DEPLOYMENT_TARGET = 5.0;
				OTHER_CFLAGS = "-DNS_BLOCK_ASSERTIONS=1";
				SDKROOT = iphoneos;
				VALIDATE_PRODUCT = YES;
			};
			name = Release;
		};
		E9CE31BF152332EF00C3C051 /* Debug */ = {
			isa = XCBuildConfiguration;
			buildSettings = {
				CLANG_ENABLE_OBJC_ARC = YES;
				GCC_PRECOMPILE_PREFIX_HEADER = YES;
				GCC_PREFIX_HEADER = "iStream/iStream-Prefix.pch";
				INFOPLIST_FILE = "iStream/iStream-Info.plist";
				PRODUCT_NAME = "$(TARGET_NAME)";
				WRAPPER_EXTENSION = app;
			};
			name = Debug;
		};
		E9CE31C0152332EF00C3C051 /* Release */ = {
			isa = XCBuildConfiguration;
			buildSettings = {
				CLANG_ENABLE_OBJC_ARC = YES;
				GCC_PRECOMPILE_PREFIX_HEADER = YES;
				GCC_PREFIX_HEADER = "iStream/iStream-Prefix.pch";
				INFOPLIST_FILE = "iStream/iStream-Info.plist";
				PRODUCT_NAME = "$(TARGET_NAME)";
				WRAPPER_EXTENSION = app;
			};
			name = Release;
		};
/* End XCBuildConfiguration section */

/* Begin XCConfigurationList section */
		E9CE3197152332EE00C3C051 /* Build configuration list for PBXProject "iStream" */ = {
			isa = XCConfigurationList;
			buildConfigurations = (
				E9CE31BC152332EF00C3C051 /* Debug */,
				E9CE31BD152332EF00C3C051 /* Release */,
			);
			defaultConfigurationIsVisible = 0;
			defaultConfigurationName = Release;
		};
		E9CE31BE152332EF00C3C051 /* Build configuration list for PBXNativeTarget "iStream" */ = {
			isa = XCConfigurationList;
			buildConfigurations = (
				E9CE31BF152332EF00C3C051 /* Debug */,
				E9CE31C0152332EF00C3C051 /* Release */,
			);
			defaultConfigurationIsVisible = 0;
			defaultConfigurationName = Release;
		};
/* End XCConfigurationList section */
	};
	rootObject = E9CE3194152332EE00C3C051 /* Project object */;
}
